
Microsoft Visual Studio Solution File, Format Version 12.00
# Visual Studio Version 16
VisualStudioVersion = 16.0.30717.126
MinimumVisualStudioVersion = 10.0.40219.1
Project("{9A19103F-16F7-4668-BE54-9A1E7A4F7556}") = "Agenda.Desktop", "Agenda.Desktop.csproj", "{9B79BB96-CD48-45B8-9F85-EC674F4CF8B4}"
EndProject
Global
	GlobalSection(SolutionConfigurationPlatforms) = preSolution
		Debug|Any CPU = Debug|Any CPU
		Release|Any CPU = Release|Any CPU
	EndGlobalSection
	GlobalSection(ProjectConfigurationPlatforms) = postSolution
		{9B79BB96-CD48-45B8-9F85-EC674F4CF8B4}.Debug|Any CPU.ActiveCfg = Debug|Any CPU
		{9B79BB96-CD48-45B8-9F85-EC674F4CF8B4}.Debug|Any CPU.Build.0 = Debug|Any CPU
		{9B79BB96-CD48-45B8-9F85-EC674F4CF8B4}.Release|Any CPU.ActiveCfg = Release|Any CPU
		{9B79BB96-CD48-45B8-9F85-EC674F4CF8B4}.Release|Any CPU.Build.0 = Release|Any CPU
	EndGlobalSection
	GlobalSection(SolutionProperties) = preSolution
		HideSolutionNode = FALSE
	EndGlobalSection
	GlobalSection(ExtensibilityGlobals) = postSolution
		SolutionGuid = {FB95B7A3-A61A-490C-8911-32E0CCECB1ED}
	EndGlobalSection
EndGlobal
